
Microsoft Visual Studio Solution File, Format Version 12.00
# Visual Studio Version 17
VisualStudioVersion = 17.9.34902.65
MinimumVisualStudioVersion = 10.0.40219.1
Project("{FAE04EC0-301F-11D3-BF4B-00C04F79EFBC}") = "Template.Api", "Template.Api\Template.Api.csproj", "{18A47EA4-F477-4EAA-B0EE-3038E1E0CB73}"
EndProject
Project("{FAE04EC0-301F-11D3-BF4B-00C04F79EFBC}") = "Template.Application", "Template.Application\Template.Application.csproj", "{199E9CDC-1CFC-471B-A25D-6BF689805A4B}"
EndProject
Global
	GlobalSection(SolutionConfigurationPlatforms) = preSolution
		Debug|Any CPU = Debug|Any CPU
		Release|Any CPU = Release|Any CPU
	EndGlobalSection
	GlobalSection(ProjectConfigurationPlatforms) = postSolution
		{18A47EA4-F477-4EAA-B0EE-3038E1E0CB73}.Debug|Any CPU.ActiveCfg = Debug|Any CPU
		{18A47EA4-F477-4EAA-B0EE-3038E1E0CB73}.Debug|Any CPU.Build.0 = Debug|Any CPU
		{18A47EA4-F477-4EAA-B0EE-3038E1E0CB73}.Release|Any CPU.ActiveCfg = Release|Any CPU
		{18A47EA4-F477-4EAA-B0EE-3038E1E0CB73}.Release|Any CPU.Build.0 = Release|Any CPU
		{199E9CDC-1CFC-471B-A25D-6BF689805A4B}.Debug|Any CPU.ActiveCfg = Debug|Any CPU
		{199E9CDC-1CFC-471B-A25D-6BF689805A4B}.Debug|Any CPU.Build.0 = Debug|Any CPU
		{199E9CDC-1CFC-471B-A25D-6BF689805A4B}.Release|Any CPU.ActiveCfg = Release|Any CPU
		{199E9CDC-1CFC-471B-A25D-6BF689805A4B}.Release|Any CPU.Build.0 = Release|Any CPU
	EndGlobalSection
	GlobalSection(SolutionProperties) = preSolution
		HideSolutionNode = FALSE
	EndGlobalSection
	GlobalSection(ExtensibilityGlobals) = postSolution
		SolutionGuid = {71407AB7-59A8-4321-A62C-468BC96AB36E}
	EndGlobalSection
EndGlobal
